
Microsoft Visual Studio Solution File, Format Version 12.00
# Visual Studio Version 17
VisualStudioVersion = 17.3.32901.215
MinimumVisualStudioVersion = 10.0.40219.1
Project("{FAE04EC0-301F-11D3-BF4B-00C04F79EFBC}") = "01", "01\01.csproj", "{856C62B2-6355-428D-865F-61185F3CA45B}"
EndProject
Project("{FAE04EC0-301F-11D3-BF4B-00C04F79EFBC}") = "02", "02\02.csproj", "{5905E42A-688A-4718-A333-D6AAAE52A588}"
EndProject
Project("{FAE04EC0-301F-11D3-BF4B-00C04F79EFBC}") = "03", "03\03.csproj", "{FAB6D630-CCA7-430E-BE91-4B7604C6CF0E}"
EndProject
Global
	GlobalSection(SolutionConfigurationPlatforms) = preSolution
		Debug|Any CPU = Debug|Any CPU
		Release|Any CPU = Release|Any CPU
	EndGlobalSection
	GlobalSection(ProjectConfigurationPlatforms) = postSolution
		{856C62B2-6355-428D-865F-61185F3CA45B}.Debug|Any CPU.ActiveCfg = Debug|Any CPU
		{856C62B2-6355-428D-865F-61185F3CA45B}.Debug|Any CPU.Build.0 = Debug|Any CPU
		{856C62B2-6355-428D-865F-61185F3CA45B}.Release|Any CPU.ActiveCfg = Release|Any CPU
		{856C62B2-6355-428D-865F-61185F3CA45B}.Release|Any CPU.Build.0 = Release|Any CPU
		{5905E42A-688A-4718-A333-D6AAAE52A588}.Debug|Any CPU.ActiveCfg = Debug|Any CPU
		{5905E42A-688A-4718-A333-D6AAAE52A588}.Debug|Any CPU.Build.0 = Debug|Any CPU
		{5905E42A-688A-4718-A333-D6AAAE52A588}.Release|Any CPU.ActiveCfg = Release|Any CPU
		{5905E42A-688A-4718-A333-D6AAAE52A588}.Release|Any CPU.Build.0 = Release|Any CPU
		{FAB6D630-CCA7-430E-BE91-4B7604C6CF0E}.Debug|Any CPU.ActiveCfg = Debug|Any CPU
		{FAB6D630-CCA7-430E-BE91-4B7604C6CF0E}.Debug|Any CPU.Build.0 = Debug|Any CPU
		{FAB6D630-CCA7-430E-BE91-4B7604C6CF0E}.Release|Any CPU.ActiveCfg = Release|Any CPU
		{FAB6D630-CCA7-430E-BE91-4B7604C6CF0E}.Release|Any CPU.Build.0 = Release|Any CPU
	EndGlobalSection
	GlobalSection(SolutionProperties) = preSolution
		HideSolutionNode = FALSE
	EndGlobalSection
	GlobalSection(ExtensibilityGlobals) = postSolution
		SolutionGuid = {3B5708F6-47BE-4986-84CA-9BD49FB05AA2}
	EndGlobalSection
EndGlobal
